{
  "name": "ci-tools",
  "version": "1.0.0",
  "lockfileVersion": 3,
  "requires": true,
  "packages": {
    "": {
      "name": "ci-tools",
      "version": "1.0.0",
      "dependencies": {
        "@anthropic-ai/claude-code": "2.1.152"
      }
    },
    "node_modules/@anthropic-ai/claude-code": {
      "version": "2.1.152",
      "resolved": "https://registry.npmjs.org/@anthropic-ai/claude-code/-/claude-code-2.1.152.tgz",
      "integrity": "sha512-pIw2rF+L++yBsrByBTJeA5yKFT/SLT3yXy2aXAPFHiMWJ1n+dV2f+nnkXPa/P8ojOWHEs5H63TNdqlnW9tiJNA==",
      "engines": {
        "node": ">=18.0.0"
      }
    }
  }
}
